
Microsoft Visual Studio Solution File, Format Version 12.00
# Visual Studio Version 17
VisualStudioVersion = 17.7.34031.279
MinimumVisualStudioVersion = 10.0.40219.1
Project("{FAE04EC0-301F-11D3-BF4B-00C04F79EFBC}") = "HavitGridFooterBugBlazorServer.App", "HavitGridFooterBugBlazorServer.App\HavitGridFooterBugBlazorServer.App.csproj", "{084D52A5-8C64-4291-8AE2-0642697226E0}"
EndProject
Global
	GlobalSection(SolutionConfigurationPlatforms) = preSolution
		Debug|Any CPU = Debug|Any CPU
		Release|Any CPU = Release|Any CPU
	EndGlobalSection
	GlobalSection(ProjectConfigurationPlatforms) = postSolution
		{084D52A5-8C64-4291-8AE2-0642697226E0}.Debug|Any CPU.ActiveCfg = Debug|Any CPU
		{084D52A5-8C64-4291-8AE2-0642697226E0}.Debug|Any CPU.Build.0 = Debug|Any CPU
		{084D52A5-8C64-4291-8AE2-0642697226E0}.Release|Any CPU.ActiveCfg = Release|Any CPU
		{084D52A5-8C64-4291-8AE2-0642697226E0}.Release|Any CPU.Build.0 = Release|Any CPU
	EndGlobalSection
	GlobalSection(SolutionProperties) = preSolution
		HideSolutionNode = FALSE
	EndGlobalSection
	GlobalSection(ExtensibilityGlobals) = postSolution
		SolutionGuid = {430F1988-C69D-4F20-AAA0-5CAF7E734C7B}
	EndGlobalSection
EndGlobal
